// !$*UTF8*$!
{
	archiveVersion = 1;
	classes = {
	};
	objectVersion = 55;
	objects = {

/* Begin PBXBuildFile section */
		A54D7C4E275D300400B79172 /* LoginViewModel.swift in Sources */ = {isa = PBXBuildFile; fileRef = A54D7C4D275D300400B79172 /* LoginViewModel.swift */; };
		A54D7C53275D33AE00B79172 /* FirebaseFirestore in Frameworks */ = {isa = PBXBuildFile; productRef = A54D7C52275D33AE00B79172 /* FirebaseFirestore */; };
		A54D7C55275D33BB00B79172 /* FirebaseFirestoreSwift-Beta in Frameworks */ = {isa = PBXBuildFile; productRef = A54D7C54275D33BB00B79172 /* FirebaseFirestoreSwift-Beta */; };
		A54D7C57275D34AB00B79172 /* UserService.swift in Sources */ = {isa = PBXBuildFile; fileRef = A54D7C56275D34AB00B79172 /* UserService.swift */; };
		A54D7C5F275D418D00B79172 /* useeds_appTests.swift in Sources */ = {isa = PBXBuildFile; fileRef = A54D7C5E275D418D00B79172 /* useeds_appTests.swift */; };
		A5DA7B74275660F800C79185 /* FirebaseAuth in Frameworks */ = {isa = PBXBuildFile; productRef = A5DA7B73275660F800C79185 /* FirebaseAuth */; };
		A5DA7B76275660F800C79185 /* FirebaseStorage in Frameworks */ = {isa = PBXBuildFile; productRef = A5DA7B75275660F800C79185 /* FirebaseStorage */; };
		A5DA7B78275662B400C79185 /* GoogleService-Info.plist in Resources */ = {isa = PBXBuildFile; fileRef = A5DA7B77275662B400C79185 /* GoogleService-Info.plist */; };
		A5DA7B7A27566CB200C79185 /* FirebaseManager.swift in Sources */ = {isa = PBXBuildFile; fileRef = A5DA7B7927566CB200C79185 /* FirebaseManager.swift */; };
		A5E411F8275523800051AABB /* LoginView.swift in Sources */ = {isa = PBXBuildFile; fileRef = A5E411F7275523800051AABB /* LoginView.swift */; };
		AEA0E1FA2751CBE300398A9D /* useeds_appApp.swift in Sources */ = {isa = PBXBuildFile; fileRef = AEA0E1F92751CBE300398A9D /* useeds_appApp.swift */; };
		AEA0E1FC2751CBE300398A9D /* ContentView.swift in Sources */ = {isa = PBXBuildFile; fileRef = AEA0E1FB2751CBE300398A9D /* ContentView.swift */; };
		AEA0E1FE2751CBE500398A9D /* Assets.xcassets in Resources */ = {isa = PBXBuildFile; fileRef = AEA0E1FD2751CBE500398A9D /* Assets.xcassets */; };
		AEA0E2012751CBE500398A9D /* Preview Assets.xcassets in Resources */ = {isa = PBXBuildFile; fileRef = AEA0E2002751CBE500398A9D /* Preview Assets.xcassets */; };
/* End PBXBuildFile section */

/* Begin PBXContainerItemProxy section */
		A54D7C60275D418D00B79172 /* PBXContainerItemProxy */ = {
			isa = PBXContainerItemProxy;
			containerPortal = AEA0E1EE2751CBE300398A9D /* Project object */;
			proxyType = 1;
			remoteGlobalIDString = AEA0E1F52751CBE300398A9D;
			remoteInfo = "useeds-app";
		};
/* End PBXContainerItemProxy section */

/* Begin PBXFileReference section */
		A54D7C4D275D300400B79172 /* LoginViewModel.swift */ = {isa = PBXFileReference; lastKnownFileType = sourcecode.swift; path = LoginViewModel.swift; sourceTree = "<group>"; };
		A54D7C56275D34AB00B79172 /* UserService.swift */ = {isa = PBXFileReference; lastKnownFileType = sourcecode.swift; path = UserService.swift; sourceTree = "<group>"; };
		A54D7C5C275D418D00B79172 /* useeds-appTests.xctest */ = {isa = PBXFileReference; explicitFileType = wrapper.cfbundle; includeInIndex = 0; path = "useeds-appTests.xctest"; sourceTree = BUILT_PRODUCTS_DIR; };
		A54D7C5E275D418D00B79172 /* useeds_appTests.swift */ = {isa = PBXFileReference; lastKnownFileType = sourcecode.swift; path = useeds_appTests.swift; sourceTree = "<group>"; };
		A5DA7B77275662B400C79185 /* GoogleService-Info.plist */ = {isa = PBXFileReference; fileEncoding = 4; lastKnownFileType = text.plist.xml; path = "GoogleService-Info.plist"; sourceTree = "<group>"; };
		A5DA7B7927566CB200C79185 /* FirebaseManager.swift */ = {isa = PBXFileReference; lastKnownFileType = sourcecode.swift; path = FirebaseManager.swift; sourceTree = "<group>"; };
		A5E411F7275523800051AABB /* LoginView.swift */ = {isa = PBXFileReference; lastKnownFileType = sourcecode.swift; path = LoginView.swift; sourceTree = "<group>"; };
		AEA0E1F62751CBE300398A9D /* useeds-app.app */ = {isa = PBXFileReference; explicitFileType = wrapper.application; includeInIndex = 0; path = "useeds-app.app"; sourceTree = BUILT_PRODUCTS_DIR; };
		AEA0E1F92751CBE300398A9D /* useeds_appApp.swift */ = {isa = PBXFileReference; lastKnownFileType = sourcecode.swift; path = useeds_appApp.swift; sourceTree = "<group>"; };
		AEA0E1FB2751CBE300398A9D /* ContentView.swift */ = {isa = PBXFileReference; lastKnownFileType = sourcecode.swift; path = ContentView.swift; sourceTree = "<group>"; };
		AEA0E1FD2751CBE500398A9D /* Assets.xcassets */ = {isa = PBXFileReference; lastKnownFileType = folder.assetcatalog; path = Assets.xcassets; sourceTree = "<group>"; };
		AEA0E2002751CBE500398A9D /* Preview Assets.xcassets */ = {isa = PBXFileReference; lastKnownFileType = folder.assetcatalog; path = "Preview Assets.xcassets"; sourceTree = "<group>"; };
/* End PBXFileReference section */

/* Begin PBXFrameworksBuildPhase section */
		A54D7C59275D418D00B79172 /* Frameworks */ = {
			isa = PBXFrameworksBuildPhase;
			buildActionMask = 2147483647;
			files = (
			);
			runOnlyForDeploymentPostprocessing = 0;
		};
		AEA0E1F32751CBE300398A9D /* Frameworks */ = {
			isa = PBXFrameworksBuildPhase;
			buildActionMask = 2147483647;
			files = (
				A5DA7B74275660F800C79185 /* FirebaseAuth in Frameworks */,
				A54D7C55275D33BB00B79172 /* FirebaseFirestoreSwift-Beta in Frameworks */,
				A5DA7B76275660F800C79185 /* FirebaseStorage in Frameworks */,
				A54D7C53275D33AE00B79172 /* FirebaseFirestore in Frameworks */,
			);
			runOnlyForDeploymentPostprocessing = 0;
		};
/* End PBXFrameworksBuildPhase section */

/* Begin PBXGroup section */
		A54D7C50275D335F00B79172 /* Login */ = {
			isa = PBXGroup;
			children = (
				A5E411F7275523800051AABB /* LoginView.swift */,
				A54D7C4D275D300400B79172 /* LoginViewModel.swift */,
				A54D7C56275D34AB00B79172 /* UserService.swift */,
			);
			path = Login;
			sourceTree = "<group>";
		};
		A54D7C51275D33AE00B79172 /* Frameworks */ = {
			isa = PBXGroup;
			children = (
			);
			name = Frameworks;
			sourceTree = "<group>";
		};
		A54D7C5D275D418D00B79172 /* useeds-appTests */ = {
			isa = PBXGroup;
			children = (
				A54D7C5E275D418D00B79172 /* useeds_appTests.swift */,
			);
			path = "useeds-appTests";
			sourceTree = "<group>";
		};
		AEA0E1ED2751CBE300398A9D = {
			isa = PBXGroup;
			children = (
				AEA0E1F82751CBE300398A9D /* useeds-app */,
				A54D7C5D275D418D00B79172 /* useeds-appTests */,
				AEA0E1F72751CBE300398A9D /* Products */,
				A54D7C51275D33AE00B79172 /* Frameworks */,
			);
			sourceTree = "<group>";
		};
		AEA0E1F72751CBE300398A9D /* Products */ = {
			isa = PBXGroup;
			children = (
				AEA0E1F62751CBE300398A9D /* useeds-app.app */,
				A54D7C5C275D418D00B79172 /* useeds-appTests.xctest */,
			);
			name = Products;
			sourceTree = "<group>";
		};
		AEA0E1F82751CBE300398A9D /* useeds-app */ = {
			isa = PBXGroup;
			children = (
				AEA0E20D2751CEAB00398A9D /* Customer */,
				AEA0E20C2751CE9E00398A9D /* Constants */,
				AEA0E20B2751CE9400398A9D /* Repositories */,
				AEA0E20A2751CE8C00398A9D /* Services */,
				AEA0E2092751CE7300398A9D /* Helper */,
				AEA0E2082751CE6D00398A9D /* Model */,
				AEA0E2072751CE5300398A9D /* Onboarding */,
				AEA0E1F92751CBE300398A9D /* useeds_appApp.swift */,
				AEA0E1FB2751CBE300398A9D /* ContentView.swift */,
				AEA0E1FD2751CBE500398A9D /* Assets.xcassets */,
				AEA0E1FF2751CBE500398A9D /* Preview Content */,
				A54D7C50275D335F00B79172 /* Login */,
				A5DA7B7927566CB200C79185 /* FirebaseManager.swift */,
				A5DA7B77275662B400C79185 /* GoogleService-Info.plist */,
			);
			path = "useeds-app";
			sourceTree = "<group>";
		};
		AEA0E1FF2751CBE500398A9D /* Preview Content */ = {
			isa = PBXGroup;
			children = (
				AEA0E2002751CBE500398A9D /* Preview Assets.xcassets */,
			);
			path = "Preview Content";
			sourceTree = "<group>";
		};
		AEA0E2072751CE5300398A9D /* Onboarding */ = {
			isa = PBXGroup;
			children = (
			);
			path = Onboarding;
			sourceTree = "<group>";
		};
		AEA0E2082751CE6D00398A9D /* Model */ = {
			isa = PBXGroup;
			children = (
			);
			path = Model;
			sourceTree = "<group>";
		};
		AEA0E2092751CE7300398A9D /* Helper */ = {
			isa = PBXGroup;
			children = (
			);
			path = Helper;
			sourceTree = "<group>";
		};
		AEA0E20A2751CE8C00398A9D /* Services */ = {
			isa = PBXGroup;
			children = (
			);
			path = Services;
			sourceTree = "<group>";
		};
		AEA0E20B2751CE9400398A9D /* Repositories */ = {
			isa = PBXGroup;
			children = (
			);
			path = Repositories;
			sourceTree = "<group>";
		};
		AEA0E20C2751CE9E00398A9D /* Constants */ = {
			isa = PBXGroup;
			children = (
			);
			path = Constants;
			sourceTree = "<group>";
		};
		AEA0E20D2751CEAB00398A9D /* Customer */ = {
			isa = PBXGroup;
			children = (
				AEA0E2102751CECD00398A9D /* Components */,
				AEA0E20F2751CEC200398A9D /* ViewModels */,
				AEA0E20E2751CEBB00398A9D /* Views */,
			);
			path = Customer;
			sourceTree = "<group>";
		};
		AEA0E20E2751CEBB00398A9D /* Views */ = {
			isa = PBXGroup;
			children = (
			);
			path = Views;
			sourceTree = "<group>";
		};
		AEA0E20F2751CEC200398A9D /* ViewModels */ = {
			isa = PBXGroup;
			children = (
			);
			path = ViewModels;
			sourceTree = "<group>";
		};
		AEA0E2102751CECD00398A9D /* Components */ = {
			isa = PBXGroup;
			children = (
			);
			path = Components;
			sourceTree = "<group>";
		};
/* End PBXGroup section */

/* Begin PBXNativeTarget section */
		A54D7C5B275D418D00B79172 /* useeds-appTests */ = {
			isa = PBXNativeTarget;
			buildConfigurationList = A54D7C62275D418D00B79172 /* Build configuration list for PBXNativeTarget "useeds-appTests" */;
			buildPhases = (
				A54D7C58275D418D00B79172 /* Sources */,
				A54D7C59275D418D00B79172 /* Frameworks */,
				A54D7C5A275D418D00B79172 /* Resources */,
			);
			buildRules = (
			);
			dependencies = (
				A54D7C61275D418D00B79172 /* PBXTargetDependency */,
			);
			name = "useeds-appTests";
			productName = "useeds-appTests";
			productReference = A54D7C5C275D418D00B79172 /* useeds-appTests.xctest */;
			productType = "com.apple.product-type.bundle.unit-test";
		};
		AEA0E1F52751CBE300398A9D /* useeds-app */ = {
			isa = PBXNativeTarget;
			buildConfigurationList = AEA0E2042751CBE500398A9D /* Build configuration list for PBXNativeTarget "useeds-app" */;
			buildPhases = (
				AEA0E1F22751CBE300398A9D /* Sources */,
				AEA0E1F32751CBE300398A9D /* Frameworks */,
				AEA0E1F42751CBE300398A9D /* Resources */,
			);
			buildRules = (
			);
			dependencies = (
			);
			name = "useeds-app";
			packageProductDependencies = (
				A5DA7B73275660F800C79185 /* FirebaseAuth */,
				A5DA7B75275660F800C79185 /* FirebaseStorage */,
				A54D7C52275D33AE00B79172 /* FirebaseFirestore */,
				A54D7C54275D33BB00B79172 /* FirebaseFirestoreSwift-Beta */,
			);
			productName = "useeds-app";
			productReference = AEA0E1F62751CBE300398A9D /* useeds-app.app */;
			productType = "com.apple.product-type.application";
		};
/* End PBXNativeTarget section */

/* Begin PBXProject section */
		AEA0E1EE2751CBE300398A9D /* Project object */ = {
			isa = PBXProject;
			attributes = {
				BuildIndependentTargetsInParallel = 1;
				LastSwiftUpdateCheck = 1310;
				LastUpgradeCheck = 1300;
				TargetAttributes = {
					A54D7C5B275D418D00B79172 = {
						CreatedOnToolsVersion = 13.1;
						TestTargetID = AEA0E1F52751CBE300398A9D;
					};
					AEA0E1F52751CBE300398A9D = {
						CreatedOnToolsVersion = 13.0;
					};
				};
			};
			buildConfigurationList = AEA0E1F12751CBE300398A9D /* Build configuration list for PBXProject "useeds-app" */;
			compatibilityVersion = "Xcode 13.0";
			developmentRegion = en;
			hasScannedForEncodings = 0;
			knownRegions = (
				en,
				Base,
			);
			mainGroup = AEA0E1ED2751CBE300398A9D;
			packageReferences = (
				A5DA7B72275660F800C79185 /* XCRemoteSwiftPackageReference "firebase-ios-sdk" */,
			);
			productRefGroup = AEA0E1F72751CBE300398A9D /* Products */;
			projectDirPath = "";
			projectRoot = "";
			targets = (
				AEA0E1F52751CBE300398A9D /* useeds-app */,
				A54D7C5B275D418D00B79172 /* useeds-appTests */,
			);
		};
/* End PBXProject section */

/* Begin PBXResourcesBuildPhase section */
		A54D7C5A275D418D00B79172 /* Resources */ = {
			isa = PBXResourcesBuildPhase;
			buildActionMask = 2147483647;
			files = (
			);
			runOnlyForDeploymentPostprocessing = 0;
		};
		AEA0E1F42751CBE300398A9D /* Resources */ = {
			isa = PBXResourcesBuildPhase;
			buildActionMask = 2147483647;
			files = (
				AEA0E2012751CBE500398A9D /* Preview Assets.xcassets in Resources */,
				AEA0E1FE2751CBE500398A9D /* Assets.xcassets in Resources */,
				A5DA7B78275662B400C79185 /* GoogleService-Info.plist in Resources */,
			);
			runOnlyForDeploymentPostprocessing = 0;
		};
/* End PBXResourcesBuildPhase section */

/* Begin PBXSourcesBuildPhase section */
		A54D7C58275D418D00B79172 /* Sources */ = {
			isa = PBXSourcesBuildPhase;
			buildActionMask = 2147483647;
			files = (
				A54D7C5F275D418D00B79172 /* useeds_appTests.swift in Sources */,
			);
			runOnlyForDeploymentPostprocessing = 0;
		};
		AEA0E1F22751CBE300398A9D /* Sources */ = {
			isa = PBXSourcesBuildPhase;
			buildActionMask = 2147483647;
			files = (
				A5DA7B7A27566CB200C79185 /* FirebaseManager.swift in Sources */,
				A5E411F8275523800051AABB /* LoginView.swift in Sources */,
				A54D7C57275D34AB00B79172 /* UserService.swift in Sources */,
				AEA0E1FC2751CBE300398A9D /* ContentView.swift in Sources */,
				A54D7C4E275D300400B79172 /* LoginViewModel.swift in Sources */,
				AEA0E1FA2751CBE300398A9D /* useeds_appApp.swift in Sources */,
			);
			runOnlyForDeploymentPostprocessing = 0;
		};
/* End PBXSourcesBuildPhase section */

/* Begin PBXTargetDependency section */
		A54D7C61275D418D00B79172 /* PBXTargetDependency */ = {
			isa = PBXTargetDependency;
			target = AEA0E1F52751CBE300398A9D /* useeds-app */;
			targetProxy = A54D7C60275D418D00B79172 /* PBXContainerItemProxy */;
		};
/* End PBXTargetDependency section */

/* Begin XCBuildConfiguration section */
		A54D7C63275D418D00B79172 /* Debug */ = {
			isa = XCBuildConfiguration;
			buildSettings = {
				BUNDLE_LOADER = "$(TEST_HOST)";
				CODE_SIGN_STYLE = Automatic;
				CURRENT_PROJECT_VERSION = 1;
				DEVELOPMENT_TEAM = 4SN74J4HZJ;
				GENERATE_INFOPLIST_FILE = YES;
				LD_RUNPATH_SEARCH_PATHS = (
					"$(inherited)",
					"@executable_path/Frameworks",
					"@loader_path/Frameworks",
				);
				MARKETING_VERSION = 1.0;
				PRODUCT_BUNDLE_IDENTIFIER = "com.widdsss.useeds-appTests";
				PRODUCT_NAME = "$(TARGET_NAME)";
				SWIFT_EMIT_LOC_STRINGS = NO;
				SWIFT_VERSION = 5.0;
				TARGETED_DEVICE_FAMILY = "1,2";
				TEST_HOST = "$(BUILT_PRODUCTS_DIR)/useeds-app.app/useeds-app";
			};
			name = Debug;
		};
		A54D7C64275D418D00B79172 /* Release */ = {
			isa = XCBuildConfiguration;
			buildSettings = {
				BUNDLE_LOADER = "$(TEST_HOST)";
				CODE_SIGN_STYLE = Automatic;
				CURRENT_PROJECT_VERSION = 1;
				DEVELOPMENT_TEAM = 4SN74J4HZJ;
				GENERATE_INFOPLIST_FILE = YES;
				LD_RUNPATH_SEARCH_PATHS = (
					"$(inherited)",
					"@executable_path/Frameworks",
					"@loader_path/Frameworks",
				);
				MARKETING_VERSION = 1.0;
				PRODUCT_BUNDLE_IDENTIFIER = "com.widdsss.useeds-appTests";
				PRODUCT_NAME = "$(TARGET_NAME)";
				SWIFT_EMIT_LOC_STRINGS = NO;
				SWIFT_VERSION = 5.0;
				TARGETED_DEVICE_FAMILY = "1,2";
				TEST_HOST = "$(BUILT_PRODUCTS_DIR)/useeds-app.app/useeds-app";
			};
			name = Release;
		};
		AEA0E2022751CBE500398A9D /* Debug */ = {
			isa = XCBuildConfiguration;
			buildSettings = {
				ALWAYS_SEARCH_USER_PATHS = NO;
				CLANG_ANALYZER_NONNULL = YES;
				CLANG_ANALYZER_NUMBER_OBJECT_CONVERSION = YES_AGGRESSIVE;
				CLANG_CXX_LANGUAGE_STANDARD = "gnu++17";
				CLANG_CXX_LIBRARY = "libc++";
				CLANG_ENABLE_MODULES = YES;
				CLANG_ENABLE_OBJC_ARC = YES;
				CLANG_ENABLE_OBJC_WEAK = YES;
				CLANG_WARN_BLOCK_CAPTURE_AUTORELEASING = YES;
				CLANG_WARN_BOOL_CONVERSION = YES;
				CLANG_WARN_COMMA = YES;
				CLANG_WARN_CONSTANT_CONVERSION = YES;
				CLANG_WARN_DEPRECATED_OBJC_IMPLEMENTATIONS = YES;
				CLANG_WARN_DIRECT_OBJC_ISA_USAGE = YES_ERROR;
				CLANG_WARN_DOCUMENTATION_COMMENTS = YES;
				CLANG_WARN_EMPTY_BODY = YES;
				CLANG_WARN_ENUM_CONVERSION = YES;
				CLANG_WARN_INFINITE_RECURSION = YES;
				CLANG_WARN_INT_CONVERSION = YES;
				CLANG_WARN_NON_LITERAL_NULL_CONVERSION = YES;
				CLANG_WARN_OBJC_IMPLICIT_RETAIN_SELF = YES;
				CLANG_WARN_OBJC_LITERAL_CONVERSION = YES;
				CLANG_WARN_OBJC_ROOT_CLASS = YES_ERROR;
				CLANG_WARN_QUOTED_INCLUDE_IN_FRAMEWORK_HEADER = YES;
				CLANG_WARN_RANGE_LOOP_ANALYSIS = YES;
				CLANG_WARN_STRICT_PROTOTYPES = YES;
				CLANG_WARN_SUSPICIOUS_MOVE = YES;
				CLANG_WARN_UNGUARDED_AVAILABILITY = YES_AGGRESSIVE;
				CLANG_WARN_UNREACHABLE_CODE = YES;
				CLANG_WARN__DUPLICATE_METHOD_MATCH = YES;
				COPY_PHASE_STRIP = NO;
				DEBUG_INFORMATION_FORMAT = dwarf;
				ENABLE_STRICT_OBJC_MSGSEND = YES;
				ENABLE_TESTABILITY = YES;
				GCC_C_LANGUAGE_STANDARD = gnu11;
				GCC_DYNAMIC_NO_PIC = NO;
				GCC_NO_COMMON_BLOCKS = YES;
				GCC_OPTIMIZATION_LEVEL = 0;
				GCC_PREPROCESSOR_DEFINITIONS = (
					"DEBUG=1",
					"$(inherited)",
				);
				GCC_WARN_64_TO_32_BIT_CONVERSION = YES;
				GCC_WARN_ABOUT_RETURN_TYPE = YES_ERROR;
				GCC_WARN_UNDECLARED_SELECTOR = YES;
				GCC_WARN_UNINITIALIZED_AUTOS = YES_AGGRESSIVE;
				GCC_WARN_UNUSED_FUNCTION = YES;
				GCC_WARN_UNUSED_VARIABLE = YES;
				IPHONEOS_DEPLOYMENT_TARGET = 15.0;
				MTL_ENABLE_DEBUG_INFO = INCLUDE_SOURCE;
				MTL_FAST_MATH = YES;
				ONLY_ACTIVE_ARCH = YES;
				SDKROOT = iphoneos;
				SWIFT_ACTIVE_COMPILATION_CONDITIONS = DEBUG;
				SWIFT_OPTIMIZATION_LEVEL = "-Onone";
			};
			name = Debug;
		};
		AEA0E2032751CBE500398A9D /* Release */ = {
			isa = XCBuildConfiguration;
			buildSettings = {
				ALWAYS_SEARCH_USER_PATHS = NO;
				CLANG_ANALYZER_NONNULL = YES;
				CLANG_ANALYZER_NUMBER_OBJECT_CONVERSION = YES_AGGRESSIVE;
				CLANG_CXX_LANGUAGE_STANDARD = "gnu++17";
				CLANG_CXX_LIBRARY = "libc++";
				CLANG_ENABLE_MODULES = YES;
				CLANG_ENABLE_OBJC_ARC = YES;
				CLANG_ENABLE_OBJC_WEAK = YES;
				CLANG_WARN_BLOCK_CAPTURE_AUTORELEASING = YES;
				CLANG_WARN_BOOL_CONVERSION = YES;
				CLANG_WARN_COMMA = YES;
				CLANG_WARN_CONSTANT_CONVERSION = YES;
				CLANG_WARN_DEPRECATED_OBJC_IMPLEMENTATIONS = YES;
				CLANG_WARN_DIRECT_OBJC_ISA_USAGE = YES_ERROR;
				CLANG_WARN_DOCUMENTATION_COMMENTS = YES;
				CLANG_WARN_EMPTY_BODY = YES;
				CLANG_WARN_ENUM_CONVERSION = YES;
				CLANG_WARN_INFINITE_RECURSION = YES;
				CLANG_WARN_INT_CONVERSION = YES;
				CLANG_WARN_NON_LITERAL_NULL_CONVERSION = YES;
				CLANG_WARN_OBJC_IMPLICIT_RETAIN_SELF = YES;
				CLANG_WARN_OBJC_LITERAL_CONVERSION = YES;
				CLANG_WARN_OBJC_ROOT_CLASS = YES_ERROR;
				CLANG_WARN_QUOTED_INCLUDE_IN_FRAMEWORK_HEADER = YES;
				CLANG_WARN_RANGE_LOOP_ANALYSIS = YES;
				CLANG_WARN_STRICT_PROTOTYPES = YES;
				CLANG_WARN_SUSPICIOUS_MOVE = YES;
				CLANG_WARN_UNGUARDED_AVAILABILITY = YES_AGGRESSIVE;
				CLANG_WARN_UNREACHABLE_CODE = YES;
				CLANG_WARN__DUPLICATE_METHOD_MATCH = YES;
				COPY_PHASE_STRIP = NO;
				DEBUG_INFORMATION_FORMAT = "dwarf-with-dsym";
				ENABLE_NS_ASSERTIONS = NO;
				ENABLE_STRICT_OBJC_MSGSEND = YES;
				GCC_C_LANGUAGE_STANDARD = gnu11;
				GCC_NO_COMMON_BLOCKS = YES;
				GCC_WARN_64_TO_32_BIT_CONVERSION = YES;
				GCC_WARN_ABOUT_RETURN_TYPE = YES_ERROR;
				GCC_WARN_UNDECLARED_SELECTOR = YES;
				GCC_WARN_UNINITIALIZED_AUTOS = YES_AGGRESSIVE;
				GCC_WARN_UNUSED_FUNCTION = YES;
				GCC_WARN_UNUSED_VARIABLE = YES;
				IPHONEOS_DEPLOYMENT_TARGET = 15.0;
				MTL_ENABLE_DEBUG_INFO = NO;
				MTL_FAST_MATH = YES;
				SDKROOT = iphoneos;
				SWIFT_COMPILATION_MODE = wholemodule;
				SWIFT_OPTIMIZATION_LEVEL = "-O";
				VALIDATE_PRODUCT = YES;
			};
			name = Release;
		};
		AEA0E2052751CBE500398A9D /* Debug */ = {
			isa = XCBuildConfiguration;
			buildSettings = {
				ASSETCATALOG_COMPILER_APPICON_NAME = AppIcon;
				ASSETCATALOG_COMPILER_GLOBAL_ACCENT_COLOR_NAME = AccentColor;
				CODE_SIGN_STYLE = Automatic;
				CURRENT_PROJECT_VERSION = 1;
				DEVELOPMENT_ASSET_PATHS = "\"useeds-app/Preview Content\"";
				DEVELOPMENT_TEAM = 4VR7S48W5N;
				ENABLE_PREVIEWS = YES;
				GENERATE_INFOPLIST_FILE = YES;
				INFOPLIST_KEY_UIApplicationSceneManifest_Generation = YES;
				INFOPLIST_KEY_UIApplicationSupportsIndirectInputEvents = YES;
				INFOPLIST_KEY_UILaunchScreen_Generation = YES;
				INFOPLIST_KEY_UISupportedInterfaceOrientations_iPad = "UIInterfaceOrientationPortrait UIInterfaceOrientationPortraitUpsideDown UIInterfaceOrientationLandscapeLeft UIInterfaceOrientationLandscapeRight";
				INFOPLIST_KEY_UISupportedInterfaceOrientations_iPhone = "UIInterfaceOrientationPortrait UIInterfaceOrientationLandscapeLeft UIInterfaceOrientationLandscapeRight";
				IPHONEOS_DEPLOYMENT_TARGET = 14.0;
				LD_RUNPATH_SEARCH_PATHS = (
					"$(inherited)",
					"@executable_path/Frameworks",
				);
				MARKETING_VERSION = 1.0;
				PRODUCT_BUNDLE_IDENTIFIER = "com.rangga.useeds-app";
				PRODUCT_NAME = "$(TARGET_NAME)";
				SWIFT_EMIT_LOC_STRINGS = YES;
				SWIFT_VERSION = 5.0;
				TARGETED_DEVICE_FAMILY = "1,2";
			};
			name = Debug;
		};
		AEA0E2062751CBE500398A9D /* Release */ = {
			isa = XCBuildConfiguration;
			buildSettings = {
				ASSETCATALOG_COMPILER_APPICON_NAME = AppIcon;
				ASSETCATALOG_COMPILER_GLOBAL_ACCENT_COLOR_NAME = AccentColor;
				CODE_SIGN_STYLE = Automatic;
				CURRENT_PROJECT_VERSION = 1;
				DEVELOPMENT_ASSET_PATHS = "\"useeds-app/Preview Content\"";
				DEVELOPMENT_TEAM = 4VR7S48W5N;
				ENABLE_PREVIEWS = YES;
				GENERATE_INFOPLIST_FILE = YES;
				INFOPLIST_KEY_UIApplicationSceneManifest_Generation = YES;
				INFOPLIST_KEY_UIApplicationSupportsIndirectInputEvents = YES;
				INFOPLIST_KEY_UILaunchScreen_Generation = YES;
				INFOPLIST_KEY_UISupportedInterfaceOrientations_iPad = "UIInterfaceOrientationPortrait UIInterfaceOrientationPortraitUpsideDown UIInterfaceOrientationLandscapeLeft UIInterfaceOrientationLandscapeRight";
				INFOPLIST_KEY_UISupportedInterfaceOrientations_iPhone = "UIInterfaceOrientationPortrait UIInterfaceOrientationLandscapeLeft UIInterfaceOrientationLandscapeRight";
				IPHONEOS_DEPLOYMENT_TARGET = 14.0;
				LD_RUNPATH_SEARCH_PATHS = (
					"$(inherited)",
					"@executable_path/Frameworks",
				);
				MARKETING_VERSION = 1.0;
				PRODUCT_BUNDLE_IDENTIFIER = "com.rangga.useeds-app";
				PRODUCT_NAME = "$(TARGET_NAME)";
				SWIFT_EMIT_LOC_STRINGS = YES;
				SWIFT_VERSION = 5.0;
				TARGETED_DEVICE_FAMILY = "1,2";
			};
			name = Release;
		};
/* End XCBuildConfiguration section */

/* Begin XCConfigurationList section */
		A54D7C62275D418D00B79172 /* Build configuration list for PBXNativeTarget "useeds-appTests" */ = {
			isa = XCConfigurationList;
			buildConfigurations = (
				A54D7C63275D418D00B79172 /* Debug */,
				A54D7C64275D418D00B79172 /* Release */,
			);
			defaultConfigurationIsVisible = 0;
			defaultConfigurationName = Release;
		};
		AEA0E1F12751CBE300398A9D /* Build configuration list for PBXProject "useeds-app" */ = {
			isa = XCConfigurationList;
			buildConfigurations = (
				AEA0E2022751CBE500398A9D /* Debug */,
				AEA0E2032751CBE500398A9D /* Release */,
			);
			defaultConfigurationIsVisible = 0;
			defaultConfigurationName = Release;
		};
		AEA0E2042751CBE500398A9D /* Build configuration list for PBXNativeTarget "useeds-app" */ = {
			isa = XCConfigurationList;
			buildConfigurations = (
				AEA0E2052751CBE500398A9D /* Debug */,
				AEA0E2062751CBE500398A9D /* Release */,
			);
			defaultConfigurationIsVisible = 0;
			defaultConfigurationName = Release;
		};
/* End XCConfigurationList section */

/* Begin XCRemoteSwiftPackageReference section */
		A5DA7B72275660F800C79185 /* XCRemoteSwiftPackageReference "firebase-ios-sdk" */ = {
			isa = XCRemoteSwiftPackageReference;
			repositoryURL = "https://github.com/firebase/firebase-ios-sdk";
			requirement = {
				kind = upToNextMajorVersion;
				minimumVersion = 8.0.0;
			};
		};
/* End XCRemoteSwiftPackageReference section */

/* Begin XCSwiftPackageProductDependency section */
		A54D7C52275D33AE00B79172 /* FirebaseFirestore */ = {
			isa = XCSwiftPackageProductDependency;
			package = A5DA7B72275660F800C79185 /* XCRemoteSwiftPackageReference "firebase-ios-sdk" */;
			productName = FirebaseFirestore;
		};
		A54D7C54275D33BB00B79172 /* FirebaseFirestoreSwift-Beta */ = {
			isa = XCSwiftPackageProductDependency;
			package = A5DA7B72275660F800C79185 /* XCRemoteSwiftPackageReference "firebase-ios-sdk" */;
			productName = "FirebaseFirestoreSwift-Beta";
		};
		A5DA7B73275660F800C79185 /* FirebaseAuth */ = {
			isa = XCSwiftPackageProductDependency;
			package = A5DA7B72275660F800C79185 /* XCRemoteSwiftPackageReference "firebase-ios-sdk" */;
			productName = FirebaseAuth;
		};
		A5DA7B75275660F800C79185 /* FirebaseStorage */ = {
			isa = XCSwiftPackageProductDependency;
			package = A5DA7B72275660F800C79185 /* XCRemoteSwiftPackageReference "firebase-ios-sdk" */;
			productName = FirebaseStorage;
		};
/* End XCSwiftPackageProductDependency section */
	};
	rootObject = AEA0E1EE2751CBE300398A9D /* Project object */;
}
